
Microsoft Visual Studio Solution File, Format Version 12.00
# Visual Studio 15
VisualStudioVersion = 15.0.27428.2043
MinimumVisualStudioVersion = 10.0.40219.1
Project("{FAE04EC0-301F-11D3-BF4B-00C04F79EFBC}") = "OnlineStore.Domain", "OnlineStore.Domain\OnlineStore.Domain.csproj", "{6DC14FC8-4886-4F69-BEE6-59BE77117961}"
EndProject
Project("{FAE04EC0-301F-11D3-BF4B-00C04F79EFBC}") = "OnlineStore.WebUI", "OnlineStore.WebUI\OnlineStore.WebUI.csproj", "{2711B7D3-0B8B-4568-8F07-2F3AE8244E68}"
EndProject
Global
	GlobalSection(SolutionConfigurationPlatforms) = preSolution
		Debug|Any CPU = Debug|Any CPU
		Release|Any CPU = Release|Any CPU
	EndGlobalSection
	GlobalSection(ProjectConfigurationPlatforms) = postSolution
		{6DC14FC8-4886-4F69-BEE6-59BE77117961}.Debug|Any CPU.ActiveCfg = Debug|Any CPU
		{6DC14FC8-4886-4F69-BEE6-59BE77117961}.Debug|Any CPU.Build.0 = Debug|Any CPU
		{6DC14FC8-4886-4F69-BEE6-59BE77117961}.Release|Any CPU.ActiveCfg = Release|Any CPU
		{6DC14FC8-4886-4F69-BEE6-59BE77117961}.Release|Any CPU.Build.0 = Release|Any CPU
		{2711B7D3-0B8B-4568-8F07-2F3AE8244E68}.Debug|Any CPU.ActiveCfg = Debug|Any CPU
		{2711B7D3-0B8B-4568-8F07-2F3AE8244E68}.Debug|Any CPU.Build.0 = Debug|Any CPU
		{2711B7D3-0B8B-4568-8F07-2F3AE8244E68}.Release|Any CPU.ActiveCfg = Release|Any CPU
		{2711B7D3-0B8B-4568-8F07-2F3AE8244E68}.Release|Any CPU.Build.0 = Release|Any CPU
	EndGlobalSection
	GlobalSection(SolutionProperties) = preSolution
		HideSolutionNode = FALSE
	EndGlobalSection
	GlobalSection(ExtensibilityGlobals) = postSolution
		SolutionGuid = {88E15CBB-857B-4CBA-9DF1-3A5A5A4D4628}
	EndGlobalSection
EndGlobal
